
Microsoft Visual Studio Solution File, Format Version 12.00
# Visual Studio Version 16
VisualStudioVersion = 16.0.30320.27
MinimumVisualStudioVersion = 10.0.40219.1
Project("{FAE04EC0-301F-11D3-BF4B-00C04F79EFBC}") = "CIP", "CIP\CIP.csproj", "{873C5845-78F0-4C8E-9F73-9A4B6D952417}"
EndProject
Global
	GlobalSection(SolutionConfigurationPlatforms) = preSolution
		Debug|Any CPU = Debug|Any CPU
		Release|Any CPU = Release|Any CPU
	EndGlobalSection
	GlobalSection(ProjectConfigurationPlatforms) = postSolution
		{873C5845-78F0-4C8E-9F73-9A4B6D952417}.Debug|Any CPU.ActiveCfg = Debug|Any CPU
		{873C5845-78F0-4C8E-9F73-9A4B6D952417}.Debug|Any CPU.Build.0 = Debug|Any CPU
		{873C5845-78F0-4C8E-9F73-9A4B6D952417}.Release|Any CPU.ActiveCfg = Release|Any CPU
		{873C5845-78F0-4C8E-9F73-9A4B6D952417}.Release|Any CPU.Build.0 = Release|Any CPU
	EndGlobalSection
	GlobalSection(SolutionProperties) = preSolution
		HideSolutionNode = FALSE
	EndGlobalSection
	GlobalSection(ExtensibilityGlobals) = postSolution
		SolutionGuid = {9AE5A0B3-6C57-457B-8FB8-C9EBED5F1314}
	EndGlobalSection
EndGlobal
